
Microsoft Visual Studio Solution File, Format Version 12.00
# Visual Studio 14
VisualStudioVersion = 14.0.23107.0
MinimumVisualStudioVersion = 10.0.40219.1
Project("{FAE04EC0-301F-11D3-BF4B-00C04F79EFBC}") = "Problem.1-DistanceCalculator", "WS-Homework01-Overview\Problem.1-DistanceCalculator.csproj", "{44390445-ADD2-44E5-AA25-2357F14BEC88}"
EndProject
Project("{FAE04EC0-301F-11D3-BF4B-00C04F79EFBC}") = "Problem2.DistanceCalculatorClient", "Problem1.DistanceCalculatorClient\Problem2.DistanceCalculatorClient.csproj", "{DD86B7EF-62BF-4564-AA87-7B4E77052CA8}"
	ProjectSection(ProjectDependencies) = postProject
		{44390445-ADD2-44E5-AA25-2357F14BEC88} = {44390445-ADD2-44E5-AA25-2357F14BEC88}
	EndProjectSection
EndProject
Project("{FAE04EC0-301F-11D3-BF4B-00C04F79EFBC}") = "Problem3.DistanceCalculatorRESTService", "Problem3.DistanceCalculatorRESTService!\Problem3.DistanceCalculatorRESTService.csproj", "{9DEBA514-DF20-4B3E-BF31-EA9F571C2DE0}"
EndProject
Project("{FAE04EC0-301F-11D3-BF4B-00C04F79EFBC}") = "Problem4DistanceCalculatorClient", "Problem3.DistanceCalculatorClient\Problem4DistanceCalculatorClient.csproj", "{6A44B7F9-77E4-46D8-9914-B5EECA634C78}"
EndProject
Global
	GlobalSection(SolutionConfigurationPlatforms) = preSolution
		Debug|Any CPU = Debug|Any CPU
		Release|Any CPU = Release|Any CPU
	EndGlobalSection
	GlobalSection(ProjectConfigurationPlatforms) = postSolution
		{44390445-ADD2-44E5-AA25-2357F14BEC88}.Debug|Any CPU.ActiveCfg = Debug|Any CPU
		{44390445-ADD2-44E5-AA25-2357F14BEC88}.Debug|Any CPU.Build.0 = Debug|Any CPU
		{44390445-ADD2-44E5-AA25-2357F14BEC88}.Release|Any CPU.ActiveCfg = Release|Any CPU
		{44390445-ADD2-44E5-AA25-2357F14BEC88}.Release|Any CPU.Build.0 = Release|Any CPU
		{DD86B7EF-62BF-4564-AA87-7B4E77052CA8}.Debug|Any CPU.ActiveCfg = Debug|Any CPU
		{DD86B7EF-62BF-4564-AA87-7B4E77052CA8}.Debug|Any CPU.Build.0 = Debug|Any CPU
		{DD86B7EF-62BF-4564-AA87-7B4E77052CA8}.Release|Any CPU.ActiveCfg = Release|Any CPU
		{DD86B7EF-62BF-4564-AA87-7B4E77052CA8}.Release|Any CPU.Build.0 = Release|Any CPU
		{9DEBA514-DF20-4B3E-BF31-EA9F571C2DE0}.Debug|Any CPU.ActiveCfg = Debug|Any CPU
		{9DEBA514-DF20-4B3E-BF31-EA9F571C2DE0}.Debug|Any CPU.Build.0 = Debug|Any CPU
		{9DEBA514-DF20-4B3E-BF31-EA9F571C2DE0}.Release|Any CPU.ActiveCfg = Release|Any CPU
		{9DEBA514-DF20-4B3E-BF31-EA9F571C2DE0}.Release|Any CPU.Build.0 = Release|Any CPU
		{6A44B7F9-77E4-46D8-9914-B5EECA634C78}.Debug|Any CPU.ActiveCfg = Debug|Any CPU
		{6A44B7F9-77E4-46D8-9914-B5EECA634C78}.Debug|Any CPU.Build.0 = Debug|Any CPU
		{6A44B7F9-77E4-46D8-9914-B5EECA634C78}.Release|Any CPU.ActiveCfg = Release|Any CPU
		{6A44B7F9-77E4-46D8-9914-B5EECA634C78}.Release|Any CPU.Build.0 = Release|Any CPU
	EndGlobalSection
	GlobalSection(SolutionProperties) = preSolution
		HideSolutionNode = FALSE
	EndGlobalSection
EndGlobal
